// !$*UTF8*$!
{
	archiveVersion = 1;
	classes = {
	};
	objectVersion = 50;
	objects = {

/* Begin PBXBuildFile section */
		A0A8FE39257A1071006062F5 /* AppDelegate.swift in Sources */ = {isa = PBXBuildFile; fileRef = A0A8FE38257A1071006062F5 /* AppDelegate.swift */; };
		A0A8FE3B257A1071006062F5 /* SceneDelegate.swift in Sources */ = {isa = PBXBuildFile; fileRef = A0A8FE3A257A1071006062F5 /* SceneDelegate.swift */; };
		A0A8FE3D257A1071006062F5 /* ViewController.swift in Sources */ = {isa = PBXBuildFile; fileRef = A0A8FE3C257A1071006062F5 /* ViewController.swift */; };
		A0A8FE40257A1071006062F5 /* Main.storyboard in Resources */ = {isa = PBXBuildFile; fileRef = A0A8FE3E257A1071006062F5 /* Main.storyboard */; };
		A0A8FE42257A1073006062F5 /* Assets.xcassets in Resources */ = {isa = PBXBuildFile; fileRef = A0A8FE41257A1073006062F5 /* Assets.xcassets */; };
		A0A8FE45257A1073006062F5 /* LaunchScreen.storyboard in Resources */ = {isa = PBXBuildFile; fileRef = A0A8FE43257A1073006062F5 /* LaunchScreen.storyboard */; };
		A0A8FE5F257A1561006062F5 /* TableViewCell.swift in Sources */ = {isa = PBXBuildFile; fileRef = A0A8FE5D257A1561006062F5 /* TableViewCell.swift */; };
		A0A8FE60257A1561006062F5 /* TableViewCell.xib in Resources */ = {isa = PBXBuildFile; fileRef = A0A8FE5E257A1561006062F5 /* TableViewCell.xib */; };
		A0A8FE6A257A1B3D006062F5 /* GetBreakingBadData.swift in Sources */ = {isa = PBXBuildFile; fileRef = A0A8FE69257A1B3D006062F5 /* GetBreakingBadData.swift */; };
		A0A8FE6E257A22E8006062F5 /* BBCharacters.swift in Sources */ = {isa = PBXBuildFile; fileRef = A0A8FE6D257A22E8006062F5 /* BBCharacters.swift */; };
		A0DB0A38257A5B3400955831 /* DetailViewController.swift in Sources */ = {isa = PBXBuildFile; fileRef = A0DB0A37257A5B3400955831 /* DetailViewController.swift */; };
/* End PBXBuildFile section */

/* Begin PBXFileReference section */
		A0A8FE35257A1071006062F5 /* Assignment - Breaking Bad App.app */ = {isa = PBXFileReference; explicitFileType = wrapper.application; includeInIndex = 0; path = "Assignment - Breaking Bad App.app"; sourceTree = BUILT_PRODUCTS_DIR; };
		A0A8FE38257A1071006062F5 /* AppDelegate.swift */ = {isa = PBXFileReference; lastKnownFileType = sourcecode.swift; path = AppDelegate.swift; sourceTree = "<group>"; };
		A0A8FE3A257A1071006062F5 /* SceneDelegate.swift */ = {isa = PBXFileReference; lastKnownFileType = sourcecode.swift; path = SceneDelegate.swift; sourceTree = "<group>"; };
		A0A8FE3C257A1071006062F5 /* ViewController.swift */ = {isa = PBXFileReference; lastKnownFileType = sourcecode.swift; path = ViewController.swift; sourceTree = "<group>"; };
		A0A8FE3F257A1071006062F5 /* Base */ = {isa = PBXFileReference; lastKnownFileType = file.storyboard; name = Base; path = Base.lproj/Main.storyboard; sourceTree = "<group>"; };
		A0A8FE41257A1073006062F5 /* Assets.xcassets */ = {isa = PBXFileReference; lastKnownFileType = folder.assetcatalog; path = Assets.xcassets; sourceTree = "<group>"; };
		A0A8FE44257A1073006062F5 /* Base */ = {isa = PBXFileReference; lastKnownFileType = file.storyboard; name = Base; path = Base.lproj/LaunchScreen.storyboard; sourceTree = "<group>"; };
		A0A8FE46257A1073006062F5 /* Info.plist */ = {isa = PBXFileReference; lastKnownFileType = text.plist.xml; path = Info.plist; sourceTree = "<group>"; };
		A0A8FE5D257A1561006062F5 /* TableViewCell.swift */ = {isa = PBXFileReference; lastKnownFileType = sourcecode.swift; path = TableViewCell.swift; sourceTree = "<group>"; };
		A0A8FE5E257A1561006062F5 /* TableViewCell.xib */ = {isa = PBXFileReference; lastKnownFileType = file.xib; path = TableViewCell.xib; sourceTree = "<group>"; };
		A0A8FE69257A1B3D006062F5 /* GetBreakingBadData.swift */ = {isa = PBXFileReference; lastKnownFileType = sourcecode.swift; path = GetBreakingBadData.swift; sourceTree = "<group>"; };
		A0A8FE6D257A22E8006062F5 /* BBCharacters.swift */ = {isa = PBXFileReference; lastKnownFileType = sourcecode.swift; path = BBCharacters.swift; sourceTree = "<group>"; };
		A0DB0A37257A5B3400955831 /* DetailViewController.swift */ = {isa = PBXFileReference; lastKnownFileType = sourcecode.swift; path = DetailViewController.swift; sourceTree = "<group>"; };
/* End PBXFileReference section */

/* Begin PBXFrameworksBuildPhase section */
		A0A8FE32257A1071006062F5 /* Frameworks */ = {
			isa = PBXFrameworksBuildPhase;
			buildActionMask = 2147483647;
			files = (
			);
			runOnlyForDeploymentPostprocessing = 0;
		};
/* End PBXFrameworksBuildPhase section */

/* Begin PBXGroup section */
		A0A8FE2C257A1071006062F5 = {
			isa = PBXGroup;
			children = (
				A0A8FE37257A1071006062F5 /* Assignment - Breaking Bad App */,
				A0A8FE36257A1071006062F5 /* Products */,
			);
			sourceTree = "<group>";
		};
		A0A8FE36257A1071006062F5 /* Products */ = {
			isa = PBXGroup;
			children = (
				A0A8FE35257A1071006062F5 /* Assignment - Breaking Bad App.app */,
			);
			name = Products;
			sourceTree = "<group>";
		};
		A0A8FE37257A1071006062F5 /* Assignment - Breaking Bad App */ = {
			isa = PBXGroup;
			children = (
				A0A8FE38257A1071006062F5 /* AppDelegate.swift */,
				A0A8FE3A257A1071006062F5 /* SceneDelegate.swift */,
				A0A8FE41257A1073006062F5 /* Assets.xcassets */,
				A0A8FE68257A1AF5006062F5 /* Networking */,
				A0A8FE4E257A12B6006062F5 /* Model */,
				A0A8FE4D257A12AA006062F5 /* Views */,
				A0A8FE4F257A12CF006062F5 /* Controller */,
				A0A8FE46257A1073006062F5 /* Info.plist */,
			);
			path = "Assignment - Breaking Bad App";
			sourceTree = "<group>";
		};
		A0A8FE4D257A12AA006062F5 /* Views */ = {
			isa = PBXGroup;
			children = (
				A0A8FE43257A1073006062F5 /* LaunchScreen.storyboard */,
				A0A8FE3E257A1071006062F5 /* Main.storyboard */,
			);
			path = Views;
			sourceTree = "<group>";
		};
		A0A8FE4E257A12B6006062F5 /* Model */ = {
			isa = PBXGroup;
			children = (
				A0A8FE6D257A22E8006062F5 /* BBCharacters.swift */,
			);
			path = Model;
			sourceTree = "<group>";
		};
		A0A8FE4F257A12CF006062F5 /* Controller */ = {
			isa = PBXGroup;
			children = (
				A0A8FE3C257A1071006062F5 /* ViewController.swift */,
				A0A8FE5D257A1561006062F5 /* TableViewCell.swift */,
				A0DB0A37257A5B3400955831 /* DetailViewController.swift */,
				A0A8FE5E257A1561006062F5 /* TableViewCell.xib */,
			);
			path = Controller;
			sourceTree = "<group>";
		};
		A0A8FE68257A1AF5006062F5 /* Networking */ = {
			isa = PBXGroup;
			children = (
				A0A8FE69257A1B3D006062F5 /* GetBreakingBadData.swift */,
			);
			path = Networking;
			sourceTree = "<group>";
		};
/* End PBXGroup section */

/* Begin PBXNativeTarget section */
		A0A8FE34257A1071006062F5 /* Assignment - Breaking Bad App */ = {
			isa = PBXNativeTarget;
			buildConfigurationList = A0A8FE49257A1073006062F5 /* Build configuration list for PBXNativeTarget "Assignment - Breaking Bad App" */;
			buildPhases = (
				A0A8FE31257A1071006062F5 /* Sources */,
				A0A8FE32257A1071006062F5 /* Frameworks */,
				A0A8FE33257A1071006062F5 /* Resources */,
			);
			buildRules = (
			);
			dependencies = (
			);
			name = "Assignment - Breaking Bad App";
			productName = "Assignment - Breaking Bad App";
			productReference = A0A8FE35257A1071006062F5 /* Assignment - Breaking Bad App.app */;
			productType = "com.apple.product-type.application";
		};
/* End PBXNativeTarget section */

/* Begin PBXProject section */
		A0A8FE2D257A1071006062F5 /* Project object */ = {
			isa = PBXProject;
			attributes = {
				LastSwiftUpdateCheck = 1220;
				LastUpgradeCheck = 1220;
				TargetAttributes = {
					A0A8FE34257A1071006062F5 = {
						CreatedOnToolsVersion = 12.2;
					};
				};
			};
			buildConfigurationList = A0A8FE30257A1071006062F5 /* Build configuration list for PBXProject "Assignment - Breaking Bad App" */;
			compatibilityVersion = "Xcode 9.3";
			developmentRegion = en;
			hasScannedForEncodings = 0;
			knownRegions = (
				en,
				Base,
			);
			mainGroup = A0A8FE2C257A1071006062F5;
			productRefGroup = A0A8FE36257A1071006062F5 /* Products */;
			projectDirPath = "";
			projectRoot = "";
			targets = (
				A0A8FE34257A1071006062F5 /* Assignment - Breaking Bad App */,
			);
		};
/* End PBXProject section */

/* Begin PBXResourcesBuildPhase section */
		A0A8FE33257A1071006062F5 /* Resources */ = {
			isa = PBXResourcesBuildPhase;
			buildActionMask = 2147483647;
			files = (
				A0A8FE45257A1073006062F5 /* LaunchScreen.storyboard in Resources */,
				A0A8FE60257A1561006062F5 /* TableViewCell.xib in Resources */,
				A0A8FE42257A1073006062F5 /* Assets.xcassets in Resources */,
				A0A8FE40257A1071006062F5 /* Main.storyboard in Resources */,
			);
			runOnlyForDeploymentPostprocessing = 0;
		};
/* End PBXResourcesBuildPhase section */

/* Begin PBXSourcesBuildPhase section */
		A0A8FE31257A1071006062F5 /* Sources */ = {
			isa = PBXSourcesBuildPhase;
			buildActionMask = 2147483647;
			files = (
				A0A8FE5F257A1561006062F5 /* TableViewCell.swift in Sources */,
				A0A8FE6A257A1B3D006062F5 /* GetBreakingBadData.swift in Sources */,
				A0A8FE3D257A1071006062F5 /* ViewController.swift in Sources */,
				A0A8FE39257A1071006062F5 /* AppDelegate.swift in Sources */,
				A0A8FE3B257A1071006062F5 /* SceneDelegate.swift in Sources */,
				A0A8FE6E257A22E8006062F5 /* BBCharacters.swift in Sources */,
				A0DB0A38257A5B3400955831 /* DetailViewController.swift in Sources */,
			);
			runOnlyForDeploymentPostprocessing = 0;
		};
/* End PBXSourcesBuildPhase section */

/* Begin PBXVariantGroup section */
		A0A8FE3E257A1071006062F5 /* Main.storyboard */ = {
			isa = PBXVariantGroup;
			children = (
				A0A8FE3F257A1071006062F5 /* Base */,
			);
			name = Main.storyboard;
			sourceTree = "<group>";
		};
		A0A8FE43257A1073006062F5 /* LaunchScreen.storyboard */ = {
			isa = PBXVariantGroup;
			children = (
				A0A8FE44257A1073006062F5 /* Base */,
			);
			name = LaunchScreen.storyboard;
			sourceTree = "<group>";
		};
/* End PBXVariantGroup section */

/* Begin XCBuildConfiguration section */
		A0A8FE47257A1073006062F5 /* Debug */ = {
			isa = XCBuildConfiguration;
			buildSettings = {
				ALWAYS_SEARCH_USER_PATHS = NO;
				CLANG_ANALYZER_NONNULL = YES;
				CLANG_ANALYZER_NUMBER_OBJECT_CONVERSION = YES_AGGRESSIVE;
				CLANG_CXX_LANGUAGE_STANDARD = "gnu++14";
				CLANG_CXX_LIBRARY = "libc++";
				CLANG_ENABLE_MODULES = YES;
				CLANG_ENABLE_OBJC_ARC = YES;
				CLANG_ENABLE_OBJC_WEAK = YES;
				CLANG_WARN_BLOCK_CAPTURE_AUTORELEASING = YES;
				CLANG_WARN_BOOL_CONVERSION = YES;
				CLANG_WARN_COMMA = YES;
				CLANG_WARN_CONSTANT_CONVERSION = YES;
				CLANG_WARN_DEPRECATED_OBJC_IMPLEMENTATIONS = YES;
				CLANG_WARN_DIRECT_OBJC_ISA_USAGE = YES_ERROR;
				CLANG_WARN_DOCUMENTATION_COMMENTS = YES;
				CLANG_WARN_EMPTY_BODY = YES;
				CLANG_WARN_ENUM_CONVERSION = YES;
				CLANG_WARN_INFINITE_RECURSION = YES;
				CLANG_WARN_INT_CONVERSION = YES;
				CLANG_WARN_NON_LITERAL_NULL_CONVERSION = YES;
				CLANG_WARN_OBJC_IMPLICIT_RETAIN_SELF = YES;
				CLANG_WARN_OBJC_LITERAL_CONVERSION = YES;
				CLANG_WARN_OBJC_ROOT_CLASS = YES_ERROR;
				CLANG_WARN_QUOTED_INCLUDE_IN_FRAMEWORK_HEADER = YES;
				CLANG_WARN_RANGE_LOOP_ANALYSIS = YES;
				CLANG_WARN_STRICT_PROTOTYPES = YES;
				CLANG_WARN_SUSPICIOUS_MOVE = YES;
				CLANG_WARN_UNGUARDED_AVAILABILITY = YES_AGGRESSIVE;
				CLANG_WARN_UNREACHABLE_CODE = YES;
				CLANG_WARN__DUPLICATE_METHOD_MATCH = YES;
				COPY_PHASE_STRIP = NO;
				DEBUG_INFORMATION_FORMAT = dwarf;
				ENABLE_STRICT_OBJC_MSGSEND = YES;
				ENABLE_TESTABILITY = YES;
				GCC_C_LANGUAGE_STANDARD = gnu11;
				GCC_DYNAMIC_NO_PIC = NO;
				GCC_NO_COMMON_BLOCKS = YES;
				GCC_OPTIMIZATION_LEVEL = 0;
				GCC_PREPROCESSOR_DEFINITIONS = (
					"DEBUG=1",
					"$(inherited)",
				);
				GCC_WARN_64_TO_32_BIT_CONVERSION = YES;
				GCC_WARN_ABOUT_RETURN_TYPE = YES_ERROR;
				GCC_WARN_UNDECLARED_SELECTOR = YES;
				GCC_WARN_UNINITIALIZED_AUTOS = YES_AGGRESSIVE;
				GCC_WARN_UNUSED_FUNCTION = YES;
				GCC_WARN_UNUSED_VARIABLE = YES;
				IPHONEOS_DEPLOYMENT_TARGET = 14.2;
				MTL_ENABLE_DEBUG_INFO = INCLUDE_SOURCE;
				MTL_FAST_MATH = YES;
				ONLY_ACTIVE_ARCH = YES;
				SDKROOT = iphoneos;
				SWIFT_ACTIVE_COMPILATION_CONDITIONS = DEBUG;
				SWIFT_OPTIMIZATION_LEVEL = "-Onone";
			};
			name = Debug;
		};
		A0A8FE48257A1073006062F5 /* Release */ = {
			isa = XCBuildConfiguration;
			buildSettings = {
				ALWAYS_SEARCH_USER_PATHS = NO;
				CLANG_ANALYZER_NONNULL = YES;
				CLANG_ANALYZER_NUMBER_OBJECT_CONVERSION = YES_AGGRESSIVE;
				CLANG_CXX_LANGUAGE_STANDARD = "gnu++14";
				CLANG_CXX_LIBRARY = "libc++";
				CLANG_ENABLE_MODULES = YES;
				CLANG_ENABLE_OBJC_ARC = YES;
				CLANG_ENABLE_OBJC_WEAK = YES;
				CLANG_WARN_BLOCK_CAPTURE_AUTORELEASING = YES;
				CLANG_WARN_BOOL_CONVERSION = YES;
				CLANG_WARN_COMMA = YES;
				CLANG_WARN_CONSTANT_CONVERSION = YES;
				CLANG_WARN_DEPRECATED_OBJC_IMPLEMENTATIONS = YES;
				CLANG_WARN_DIRECT_OBJC_ISA_USAGE = YES_ERROR;
				CLANG_WARN_DOCUMENTATION_COMMENTS = YES;
				CLANG_WARN_EMPTY_BODY = YES;
				CLANG_WARN_ENUM_CONVERSION = YES;
				CLANG_WARN_INFINITE_RECURSION = YES;
				CLANG_WARN_INT_CONVERSION = YES;
				CLANG_WARN_NON_LITERAL_NULL_CONVERSION = YES;
				CLANG_WARN_OBJC_IMPLICIT_RETAIN_SELF = YES;
				CLANG_WARN_OBJC_LITERAL_CONVERSION = YES;
				CLANG_WARN_OBJC_ROOT_CLASS = YES_ERROR;
				CLANG_WARN_QUOTED_INCLUDE_IN_FRAMEWORK_HEADER = YES;
				CLANG_WARN_RANGE_LOOP_ANALYSIS = YES;
				CLANG_WARN_STRICT_PROTOTYPES = YES;
				CLANG_WARN_SUSPICIOUS_MOVE = YES;
				CLANG_WARN_UNGUARDED_AVAILABILITY = YES_AGGRESSIVE;
				CLANG_WARN_UNREACHABLE_CODE = YES;
				CLANG_WARN__DUPLICATE_METHOD_MATCH = YES;
				COPY_PHASE_STRIP = NO;
				DEBUG_INFORMATION_FORMAT = "dwarf-with-dsym";
				ENABLE_NS_ASSERTIONS = NO;
				ENABLE_STRICT_OBJC_MSGSEND = YES;
				GCC_C_LANGUAGE_STANDARD = gnu11;
				GCC_NO_COMMON_BLOCKS = YES;
				GCC_WARN_64_TO_32_BIT_CONVERSION = YES;
				GCC_WARN_ABOUT_RETURN_TYPE = YES_ERROR;
				GCC_WARN_UNDECLARED_SELECTOR = YES;
				GCC_WARN_UNINITIALIZED_AUTOS = YES_AGGRESSIVE;
				GCC_WARN_UNUSED_FUNCTION = YES;
				GCC_WARN_UNUSED_VARIABLE = YES;
				IPHONEOS_DEPLOYMENT_TARGET = 14.2;
				MTL_ENABLE_DEBUG_INFO = NO;
				MTL_FAST_MATH = YES;
				SDKROOT = iphoneos;
				SWIFT_COMPILATION_MODE = wholemodule;
				SWIFT_OPTIMIZATION_LEVEL = "-O";
				VALIDATE_PRODUCT = YES;
			};
			name = Release;
		};
		A0A8FE4A257A1073006062F5 /* Debug */ = {
			isa = XCBuildConfiguration;
			buildSettings = {
				ASSETCATALOG_COMPILER_APPICON_NAME = AppIcon;
				ASSETCATALOG_COMPILER_GLOBAL_ACCENT_COLOR_NAME = AccentColor;
				CODE_SIGN_STYLE = Automatic;
				DEVELOPMENT_TEAM = 44894YUWPB;
				INFOPLIST_FILE = "Assignment - Breaking Bad App/Info.plist";
				LD_RUNPATH_SEARCH_PATHS = (
					"$(inherited)",
					"@executable_path/Frameworks",
				);
				PRODUCT_BUNDLE_IDENTIFIER = "com.lightCode.Assignment---Breaking-Bad-App";
				PRODUCT_NAME = "$(TARGET_NAME)";
				SWIFT_VERSION = 5.0;
				TARGETED_DEVICE_FAMILY = "1,2";
			};
			name = Debug;
		};
		A0A8FE4B257A1073006062F5 /* Release */ = {
			isa = XCBuildConfiguration;
			buildSettings = {
				ASSETCATALOG_COMPILER_APPICON_NAME = AppIcon;
				ASSETCATALOG_COMPILER_GLOBAL_ACCENT_COLOR_NAME = AccentColor;
				CODE_SIGN_STYLE = Automatic;
				DEVELOPMENT_TEAM = 44894YUWPB;
				INFOPLIST_FILE = "Assignment - Breaking Bad App/Info.plist";
				LD_RUNPATH_SEARCH_PATHS = (
					"$(inherited)",
					"@executable_path/Frameworks",
				);
				PRODUCT_BUNDLE_IDENTIFIER = "com.lightCode.Assignment---Breaking-Bad-App";
				PRODUCT_NAME = "$(TARGET_NAME)";
				SWIFT_VERSION = 5.0;
				TARGETED_DEVICE_FAMILY = "1,2";
			};
			name = Release;
		};
/* End XCBuildConfiguration section */

/* Begin XCConfigurationList section */
		A0A8FE30257A1071006062F5 /* Build configuration list for PBXProject "Assignment - Breaking Bad App" */ = {
			isa = XCConfigurationList;
			buildConfigurations = (
				A0A8FE47257A1073006062F5 /* Debug */,
				A0A8FE48257A1073006062F5 /* Release */,
			);
			defaultConfigurationIsVisible = 0;
			defaultConfigurationName = Release;
		};
		A0A8FE49257A1073006062F5 /* Build configuration list for PBXNativeTarget "Assignment - Breaking Bad App" */ = {
			isa = XCConfigurationList;
			buildConfigurations = (
				A0A8FE4A257A1073006062F5 /* Debug */,
				A0A8FE4B257A1073006062F5 /* Release */,
			);
			defaultConfigurationIsVisible = 0;
			defaultConfigurationName = Release;
		};
/* End XCConfigurationList section */
	};
	rootObject = A0A8FE2D257A1071006062F5 /* Project object */;
}
